
Microsoft Visual Studio Solution File, Format Version 12.00
# Visual Studio Version 17
VisualStudioVersion = 17.0.32112.339
MinimumVisualStudioVersion = 10.0.40219.1
Project("{FAE04EC0-301F-11D3-BF4B-00C04F79EFBC}") = "LastExamPractise26January2022", "LastExamPractise26January2022\LastExamPractise26January2022.csproj", "{F92ECBC2-9554-4B79-93DF-B90F77EF3435}"
EndProject
Global
	GlobalSection(SolutionConfigurationPlatforms) = preSolution
		Debug|Any CPU = Debug|Any CPU
		Release|Any CPU = Release|Any CPU
	EndGlobalSection
	GlobalSection(ProjectConfigurationPlatforms) = postSolution
		{F92ECBC2-9554-4B79-93DF-B90F77EF3435}.Debug|Any CPU.ActiveCfg = Debug|Any CPU
		{F92ECBC2-9554-4B79-93DF-B90F77EF3435}.Debug|Any CPU.Build.0 = Debug|Any CPU
		{F92ECBC2-9554-4B79-93DF-B90F77EF3435}.Release|Any CPU.ActiveCfg = Release|Any CPU
		{F92ECBC2-9554-4B79-93DF-B90F77EF3435}.Release|Any CPU.Build.0 = Release|Any CPU
	EndGlobalSection
	GlobalSection(SolutionProperties) = preSolution
		HideSolutionNode = FALSE
	EndGlobalSection
	GlobalSection(ExtensibilityGlobals) = postSolution
		SolutionGuid = {DEE4BD37-839B-4729-9E4D-FC1DBED419E5}
	EndGlobalSection
EndGlobal
